Microsoft Visual Studio Solution File, Format Version 12.00
# Visual Studio Version 17
VisualStudioVersion = 17.5.2.0
MinimumVisualStudioVersion = 10.0.40219.1
Project("{FAE04EC0-301F-11D3-BF4B-00C04F79EFBC}") = "CalculadoraV1", "CalculadoraV1.csproj", "{53ABA256-5FEC-2ECB-1445-B5EA4CCE04BB}"
EndProject
Global
	GlobalSection(SolutionConfigurationPlatforms) = preSolution
		Debug|Any CPU = Debug|Any CPU
		Release|Any CPU = Release|Any CPU
	EndGlobalSection
	GlobalSection(ProjectConfigurationPlatforms) = postSolution
		{53ABA256-5FEC-2ECB-1445-B5EA4CCE04BB}.Debug|Any CPU.ActiveCfg = Debug|Any CPU
		{53ABA256-5FEC-2ECB-1445-B5EA4CCE04BB}.Debug|Any CPU.Build.0 = Debug|Any CPU
		{53ABA256-5FEC-2ECB-1445-B5EA4CCE04BB}.Release|Any CPU.ActiveCfg = Release|Any CPU
		{53ABA256-5FEC-2ECB-1445-B5EA4CCE04BB}.Release|Any CPU.Build.0 = Release|Any CPU
	EndGlobalSection
	GlobalSection(SolutionProperties) = preSolution
		HideSolutionNode = FALSE
	EndGlobalSection
	GlobalSection(ExtensibilityGlobals) = postSolution
		SolutionGuid = {EDDBB7C4-1117-40D2-80C6-DB12843FEEFC}
	EndGlobalSection
EndGlobal
